
Microsoft Visual Studio Solution File, Format Version 12.00
# Visual Studio 2013
VisualStudioVersion = 12.0.21005.1
MinimumVisualStudioVersion = 10.0.40219.1
Project("{FAE04EC0-301F-11D3-BF4B-00C04F79EFBC}") = "ATTPOCWebApp", "ATTPOC\ATTPOCWebApp.csproj", "{A7323EAB-2765-484E-9E8B-2551EB8FDB19}"
EndProject
Project("{FAE04EC0-301F-11D3-BF4B-00C04F79EFBC}") = "ATTWebAppAPI", "ATTWebAppAPI\ATTWebAppAPI.csproj", "{A8B6705F-F461-420C-A057-94C2F95461B2}"
EndProject
Global
	GlobalSection(SolutionConfigurationPlatforms) = preSolution
		Debug|Any CPU = Debug|Any CPU
		Release|Any CPU = Release|Any CPU
	EndGlobalSection
	GlobalSection(ProjectConfigurationPlatforms) = postSolution
		{A7323EAB-2765-484E-9E8B-2551EB8FDB19}.Debug|Any CPU.ActiveCfg = Debug|Any CPU
		{A7323EAB-2765-484E-9E8B-2551EB8FDB19}.Debug|Any CPU.Build.0 = Debug|Any CPU
		{A7323EAB-2765-484E-9E8B-2551EB8FDB19}.Release|Any CPU.ActiveCfg = Release|Any CPU
		{A7323EAB-2765-484E-9E8B-2551EB8FDB19}.Release|Any CPU.Build.0 = Release|Any CPU
		{A8B6705F-F461-420C-A057-94C2F95461B2}.Debug|Any CPU.ActiveCfg = Debug|Any CPU
		{A8B6705F-F461-420C-A057-94C2F95461B2}.Debug|Any CPU.Build.0 = Debug|Any CPU
		{A8B6705F-F461-420C-A057-94C2F95461B2}.Release|Any CPU.ActiveCfg = Release|Any CPU
		{A8B6705F-F461-420C-A057-94C2F95461B2}.Release|Any CPU.Build.0 = Release|Any CPU
	EndGlobalSection
	GlobalSection(SolutionProperties) = preSolution
		HideSolutionNode = FALSE
	EndGlobalSection
EndGlobal
